
Microsoft Visual Studio Solution File, Format Version 12.00
# Visual Studio Version 16
VisualStudioVersion = 16.0.30011.22
MinimumVisualStudioVersion = 10.0.40219.1
Project("{FAE04EC0-301F-11D3-BF4B-00C04F79EFBC}") = "OO_Practice", "OO_Practice\OO_Practice.csproj", "{4BC9348D-11A8-4AB6-935B-A516E8F06A9B}"
EndProject
Global
	GlobalSection(SolutionConfigurationPlatforms) = preSolution
		Debug|Any CPU = Debug|Any CPU
		Release|Any CPU = Release|Any CPU
	EndGlobalSection
	GlobalSection(ProjectConfigurationPlatforms) = postSolution
		{4BC9348D-11A8-4AB6-935B-A516E8F06A9B}.Debug|Any CPU.ActiveCfg = Debug|Any CPU
		{4BC9348D-11A8-4AB6-935B-A516E8F06A9B}.Debug|Any CPU.Build.0 = Debug|Any CPU
		{4BC9348D-11A8-4AB6-935B-A516E8F06A9B}.Release|Any CPU.ActiveCfg = Release|Any CPU
		{4BC9348D-11A8-4AB6-935B-A516E8F06A9B}.Release|Any CPU.Build.0 = Release|Any CPU
	EndGlobalSection
	GlobalSection(SolutionProperties) = preSolution
		HideSolutionNode = FALSE
	EndGlobalSection
	GlobalSection(ExtensibilityGlobals) = postSolution
		SolutionGuid = {665BBEC2-52FA-43E2-852E-8933B301A4BC}
	EndGlobalSection
EndGlobal
